
Microsoft Visual Studio Solution File, Format Version 12.00
# Visual Studio Version 17
VisualStudioVersion = 17.0.31903.59
MinimumVisualStudioVersion = 10.0.40219.1
Project("{FAE04EC0-301F-11D3-BF4B-00C04F79EFBC}") = "KundeApi", "KundeApi\KundeApi.csproj", "{B7D242DE-0BC5-44F4-8B78-C13D873062F0}"
EndProject
Project("{FAE04EC0-301F-11D3-BF4B-00C04F79EFBC}") = "KundeApi.Test", "KundeApi.Test\KundeApi.Test.csproj", "{F3DDBDB3-1C9D-406C-92A6-79F1AE47184F}"
EndProject
Project("{FAE04EC0-301F-11D3-BF4B-00C04F79EFBC}") = "BudApi", "BudApi\BudApi.csproj", "{BF442B30-E9B6-4FD0-9559-C4622F5383DF}"
EndProject
Project("{FAE04EC0-301F-11D3-BF4B-00C04F79EFBC}") = "BudApi.Test", "BudApi.Test\BudApi.Test.csproj", "{FDC8CA46-2F20-4A00-BC71-16C88C7245D8}"
EndProject
Global
	GlobalSection(SolutionConfigurationPlatforms) = preSolution
		Debug|Any CPU = Debug|Any CPU
		Release|Any CPU = Release|Any CPU
	EndGlobalSection
	GlobalSection(SolutionProperties) = preSolution
		HideSolutionNode = FALSE
	EndGlobalSection
	GlobalSection(ProjectConfigurationPlatforms) = postSolution
		{B7D242DE-0BC5-44F4-8B78-C13D873062F0}.Debug|Any CPU.ActiveCfg = Debug|Any CPU
		{B7D242DE-0BC5-44F4-8B78-C13D873062F0}.Debug|Any CPU.Build.0 = Debug|Any CPU
		{B7D242DE-0BC5-44F4-8B78-C13D873062F0}.Release|Any CPU.ActiveCfg = Release|Any CPU
		{B7D242DE-0BC5-44F4-8B78-C13D873062F0}.Release|Any CPU.Build.0 = Release|Any CPU
		{F3DDBDB3-1C9D-406C-92A6-79F1AE47184F}.Debug|Any CPU.ActiveCfg = Debug|Any CPU
		{F3DDBDB3-1C9D-406C-92A6-79F1AE47184F}.Debug|Any CPU.Build.0 = Debug|Any CPU
		{F3DDBDB3-1C9D-406C-92A6-79F1AE47184F}.Release|Any CPU.ActiveCfg = Release|Any CPU
		{F3DDBDB3-1C9D-406C-92A6-79F1AE47184F}.Release|Any CPU.Build.0 = Release|Any CPU
		{BF442B30-E9B6-4FD0-9559-C4622F5383DF}.Debug|Any CPU.ActiveCfg = Debug|Any CPU
		{BF442B30-E9B6-4FD0-9559-C4622F5383DF}.Debug|Any CPU.Build.0 = Debug|Any CPU
		{BF442B30-E9B6-4FD0-9559-C4622F5383DF}.Release|Any CPU.ActiveCfg = Release|Any CPU
		{BF442B30-E9B6-4FD0-9559-C4622F5383DF}.Release|Any CPU.Build.0 = Release|Any CPU
		{FDC8CA46-2F20-4A00-BC71-16C88C7245D8}.Debug|Any CPU.ActiveCfg = Debug|Any CPU
		{FDC8CA46-2F20-4A00-BC71-16C88C7245D8}.Debug|Any CPU.Build.0 = Debug|Any CPU
		{FDC8CA46-2F20-4A00-BC71-16C88C7245D8}.Release|Any CPU.ActiveCfg = Release|Any CPU
		{FDC8CA46-2F20-4A00-BC71-16C88C7245D8}.Release|Any CPU.Build.0 = Release|Any CPU
	EndGlobalSection
EndGlobal
