
Microsoft Visual Studio Solution File, Format Version 12.00
# Visual Studio Version 17
VisualStudioVersion = 17.0.31903.59
MinimumVisualStudioVersion = 10.0.40219.1
Project("{2150E333-8FDC-42A3-9474-1A3956D46DE8}") = "AppStaging", "AppStaging", "{7A7481D1-25C9-4E52-9719-4B43AC93CFA0}"
EndProject
Project("{2150E333-8FDC-42A3-9474-1A3956D46DE8}") = "Bud Service", "Bud Service", "{39A537F1-5E17-4065-84D7-229DA95E0913}"
EndProject
Project("{9A19103F-16F7-4668-BE54-9A1E7A4F7556}") = "BudService.API", "Bud Service\BudService.API\BudService.API.csproj", "{BF442B30-E9B6-4FD0-9559-C4622F5383DF}"
EndProject
Project("{9A19103F-16F7-4668-BE54-9A1E7A4F7556}") = "BudService.Tests", "Bud Service\BudService.Tests\BudService.Tests.csproj", "{FDC8CA46-2F20-4A00-BC71-16C88C7245D8}"
EndProject
Project("{2150E333-8FDC-42A3-9474-1A3956D46DE8}") = "Kunde Service", "Kunde Service", "{ABC4D9F7-270F-48A4-B2F9-CE1E71DFCB8F}"
EndProject
Project("{9A19103F-16F7-4668-BE54-9A1E7A4F7556}") = "KundeService.API", "Kunde Service\KundeService.API\KundeService.API.csproj", "{B7D242DE-0BC5-44F4-8B78-C13D873062F0}"
EndProject
Project("{9A19103F-16F7-4668-BE54-9A1E7A4F7556}") = "KundeService.Tests", "Kunde Service\KundeService.Tests\KundeService.Tests.csproj", "{F3DDBDB3-1C9D-406C-92A6-79F1AE47184F}"
EndProject
Project("{2150E333-8FDC-42A3-9474-1A3956D46DE8}") = "Vare Service", "Vare Service", "{C16DFBF5-FD18-4415-BD2A-8385F7103D3F}"
EndProject
Project("{9A19103F-16F7-4668-BE54-9A1E7A4F7556}") = "VareService.API", "Vare Service\VareService.API\VareService.API.csproj", "{3683108F-1D9B-4784-8E3A-8794C9C8CE2B}"
EndProject
Project("{9A19103F-16F7-4668-BE54-9A1E7A4F7556}") = "VareService.Tests", "Vare Service\VareService.Tests\VareService.Tests.csproj", "{6FE89BBC-1F41-4471-A477-135843E51337}"
EndProject
Project("{2150E333-8FDC-42A3-9474-1A3956D46DE8}") = "Auktion Service", "Auktion Service", "{A11BFC6D-AECC-4EB2-B552-DD8967C98E0C}"
EndProject
Project("{9A19103F-16F7-4668-BE54-9A1E7A4F7556}") = "AuktionService.API", "Auktion Service\AuktionService.API\AuktionService.API.csproj", "{A8E0766F-509F-424E-BD16-FD4EA58F1A23}"
EndProject
Project("{9A19103F-16F7-4668-BE54-9A1E7A4F7556}") = "AuktionService.Tests", "Auktion Service\AuktionService.Tests\AuktionService.Tests.csproj", "{12CA23AF-AC92-44F7-AF07-3125BD21076C}"
EndProject
Project("{2150E333-8FDC-42A3-9474-1A3956D46DE8}") = "Index Service", "Index Service", "{B34C582A-79AF-4F3F-9A11-B7488E39FEBA}"
EndProject
Project("{9A19103F-16F7-4668-BE54-9A1E7A4F7556}") = "IndexService.API", "Index Service\IndexService.API\IndexService.API.csproj", "{E8088063-DD6B-4AA0-B8D5-64144D158808}"
EndProject
Global
	GlobalSection(SolutionConfigurationPlatforms) = preSolution
		Debug|Any CPU = Debug|Any CPU
		Release|Any CPU = Release|Any CPU
	EndGlobalSection
	GlobalSection(ProjectConfigurationPlatforms) = postSolution
		{BF442B30-E9B6-4FD0-9559-C4622F5383DF}.Debug|Any CPU.ActiveCfg = Debug|Any CPU
		{BF442B30-E9B6-4FD0-9559-C4622F5383DF}.Debug|Any CPU.Build.0 = Debug|Any CPU
		{BF442B30-E9B6-4FD0-9559-C4622F5383DF}.Release|Any CPU.ActiveCfg = Release|Any CPU
		{BF442B30-E9B6-4FD0-9559-C4622F5383DF}.Release|Any CPU.Build.0 = Release|Any CPU
		{FDC8CA46-2F20-4A00-BC71-16C88C7245D8}.Debug|Any CPU.ActiveCfg = Debug|Any CPU
		{FDC8CA46-2F20-4A00-BC71-16C88C7245D8}.Debug|Any CPU.Build.0 = Debug|Any CPU
		{FDC8CA46-2F20-4A00-BC71-16C88C7245D8}.Release|Any CPU.ActiveCfg = Release|Any CPU
		{FDC8CA46-2F20-4A00-BC71-16C88C7245D8}.Release|Any CPU.Build.0 = Release|Any CPU
		{B7D242DE-0BC5-44F4-8B78-C13D873062F0}.Debug|Any CPU.ActiveCfg = Debug|Any CPU
		{B7D242DE-0BC5-44F4-8B78-C13D873062F0}.Debug|Any CPU.Build.0 = Debug|Any CPU
		{B7D242DE-0BC5-44F4-8B78-C13D873062F0}.Release|Any CPU.ActiveCfg = Release|Any CPU
		{B7D242DE-0BC5-44F4-8B78-C13D873062F0}.Release|Any CPU.Build.0 = Release|Any CPU
		{F3DDBDB3-1C9D-406C-92A6-79F1AE47184F}.Debug|Any CPU.ActiveCfg = Debug|Any CPU
		{F3DDBDB3-1C9D-406C-92A6-79F1AE47184F}.Debug|Any CPU.Build.0 = Debug|Any CPU
		{F3DDBDB3-1C9D-406C-92A6-79F1AE47184F}.Release|Any CPU.ActiveCfg = Release|Any CPU
		{F3DDBDB3-1C9D-406C-92A6-79F1AE47184F}.Release|Any CPU.Build.0 = Release|Any CPU
		{3683108F-1D9B-4784-8E3A-8794C9C8CE2B}.Debug|Any CPU.ActiveCfg = Debug|Any CPU
		{3683108F-1D9B-4784-8E3A-8794C9C8CE2B}.Debug|Any CPU.Build.0 = Debug|Any CPU
		{3683108F-1D9B-4784-8E3A-8794C9C8CE2B}.Release|Any CPU.ActiveCfg = Release|Any CPU
		{3683108F-1D9B-4784-8E3A-8794C9C8CE2B}.Release|Any CPU.Build.0 = Release|Any CPU
		{6FE89BBC-1F41-4471-A477-135843E51337}.Debug|Any CPU.ActiveCfg = Debug|Any CPU
		{6FE89BBC-1F41-4471-A477-135843E51337}.Debug|Any CPU.Build.0 = Debug|Any CPU
		{6FE89BBC-1F41-4471-A477-135843E51337}.Release|Any CPU.ActiveCfg = Release|Any CPU
		{6FE89BBC-1F41-4471-A477-135843E51337}.Release|Any CPU.Build.0 = Release|Any CPU
		{A8E0766F-509F-424E-BD16-FD4EA58F1A23}.Debug|Any CPU.ActiveCfg = Debug|Any CPU
		{A8E0766F-509F-424E-BD16-FD4EA58F1A23}.Debug|Any CPU.Build.0 = Debug|Any CPU
		{A8E0766F-509F-424E-BD16-FD4EA58F1A23}.Release|Any CPU.ActiveCfg = Release|Any CPU
		{A8E0766F-509F-424E-BD16-FD4EA58F1A23}.Release|Any CPU.Build.0 = Release|Any CPU
		{12CA23AF-AC92-44F7-AF07-3125BD21076C}.Debug|Any CPU.ActiveCfg = Debug|Any CPU
		{12CA23AF-AC92-44F7-AF07-3125BD21076C}.Debug|Any CPU.Build.0 = Debug|Any CPU
		{12CA23AF-AC92-44F7-AF07-3125BD21076C}.Release|Any CPU.ActiveCfg = Release|Any CPU
		{12CA23AF-AC92-44F7-AF07-3125BD21076C}.Release|Any CPU.Build.0 = Release|Any CPU
		{E8088063-DD6B-4AA0-B8D5-64144D158808}.Debug|Any CPU.ActiveCfg = Debug|Any CPU
		{E8088063-DD6B-4AA0-B8D5-64144D158808}.Debug|Any CPU.Build.0 = Debug|Any CPU
		{E8088063-DD6B-4AA0-B8D5-64144D158808}.Release|Any CPU.ActiveCfg = Release|Any CPU
		{E8088063-DD6B-4AA0-B8D5-64144D158808}.Release|Any CPU.Build.0 = Release|Any CPU
	EndGlobalSection
	GlobalSection(SolutionProperties) = preSolution
		HideSolutionNode = FALSE
	EndGlobalSection
	GlobalSection(NestedProjects) = preSolution
		{BF442B30-E9B6-4FD0-9559-C4622F5383DF} = {39A537F1-5E17-4065-84D7-229DA95E0913}
		{FDC8CA46-2F20-4A00-BC71-16C88C7245D8} = {39A537F1-5E17-4065-84D7-229DA95E0913}
		{B7D242DE-0BC5-44F4-8B78-C13D873062F0} = {ABC4D9F7-270F-48A4-B2F9-CE1E71DFCB8F}
		{F3DDBDB3-1C9D-406C-92A6-79F1AE47184F} = {ABC4D9F7-270F-48A4-B2F9-CE1E71DFCB8F}
		{3683108F-1D9B-4784-8E3A-8794C9C8CE2B} = {C16DFBF5-FD18-4415-BD2A-8385F7103D3F}
		{6FE89BBC-1F41-4471-A477-135843E51337} = {C16DFBF5-FD18-4415-BD2A-8385F7103D3F}
		{A8E0766F-509F-424E-BD16-FD4EA58F1A23} = {A11BFC6D-AECC-4EB2-B552-DD8967C98E0C}
		{12CA23AF-AC92-44F7-AF07-3125BD21076C} = {A11BFC6D-AECC-4EB2-B552-DD8967C98E0C}
		{E8088063-DD6B-4AA0-B8D5-64144D158808} = {B34C582A-79AF-4F3F-9A11-B7488E39FEBA}
	EndGlobalSection
	GlobalSection(ExtensibilityGlobals) = postSolution
		SolutionGuid = {41124F36-A30F-41FF-8236-0FCD1A40CA04}
	EndGlobalSection
EndGlobal
